
Microsoft Visual Studio Solution File, Format Version 12.00
# Visual Studio Version 17
VisualStudioVersion = 17.7.34024.191
MinimumVisualStudioVersion = 10.0.40219.1
Project("{2150E333-8FDC-42A3-9474-1A3956D46DE8}") = "Frontend", "Frontend", "{2F1EF7B6-C754-4956-8C62-6BF0F3707D0F}"
EndProject
Project("{9A19103F-16F7-4668-BE54-9A1E7A4F7556}") = "Mango.Web", "Mango\Mango.Web.csproj", "{7AE8359C-9832-4047-A907-8EAF08362B74}"
EndProject
Project("{2150E333-8FDC-42A3-9474-1A3956D46DE8}") = "Services", "Services", "{680F17E6-B470-41C6-BA08-30BA5BC08B1E}"
EndProject
Project("{9A19103F-16F7-4668-BE54-9A1E7A4F7556}") = "CouponAPI", "CouponAPI\CouponAPI.csproj", "{88BC40E3-203E-4436-B40F-5A06FD4131C1}"
EndProject
Project("{9A19103F-16F7-4668-BE54-9A1E7A4F7556}") = "AuthAPI", "AuthAPI\AuthAPI.csproj", "{485971AA-5BF6-4D97-BEF8-F57A4D6E6E0B}"
EndProject
Global
	GlobalSection(SolutionConfigurationPlatforms) = preSolution
		Debug|Any CPU = Debug|Any CPU
		Release|Any CPU = Release|Any CPU
	EndGlobalSection
	GlobalSection(ProjectConfigurationPlatforms) = postSolution
		{7AE8359C-9832-4047-A907-8EAF08362B74}.Debug|Any CPU.ActiveCfg = Debug|Any CPU
		{7AE8359C-9832-4047-A907-8EAF08362B74}.Debug|Any CPU.Build.0 = Debug|Any CPU
		{7AE8359C-9832-4047-A907-8EAF08362B74}.Release|Any CPU.ActiveCfg = Release|Any CPU
		{7AE8359C-9832-4047-A907-8EAF08362B74}.Release|Any CPU.Build.0 = Release|Any CPU
		{88BC40E3-203E-4436-B40F-5A06FD4131C1}.Debug|Any CPU.ActiveCfg = Debug|Any CPU
		{88BC40E3-203E-4436-B40F-5A06FD4131C1}.Debug|Any CPU.Build.0 = Debug|Any CPU
		{88BC40E3-203E-4436-B40F-5A06FD4131C1}.Release|Any CPU.ActiveCfg = Release|Any CPU
		{88BC40E3-203E-4436-B40F-5A06FD4131C1}.Release|Any CPU.Build.0 = Release|Any CPU
		{485971AA-5BF6-4D97-BEF8-F57A4D6E6E0B}.Debug|Any CPU.ActiveCfg = Debug|Any CPU
		{485971AA-5BF6-4D97-BEF8-F57A4D6E6E0B}.Debug|Any CPU.Build.0 = Debug|Any CPU
		{485971AA-5BF6-4D97-BEF8-F57A4D6E6E0B}.Release|Any CPU.ActiveCfg = Release|Any CPU
		{485971AA-5BF6-4D97-BEF8-F57A4D6E6E0B}.Release|Any CPU.Build.0 = Release|Any CPU
	EndGlobalSection
	GlobalSection(SolutionProperties) = preSolution
		HideSolutionNode = FALSE
	EndGlobalSection
	GlobalSection(NestedProjects) = preSolution
		{7AE8359C-9832-4047-A907-8EAF08362B74} = {2F1EF7B6-C754-4956-8C62-6BF0F3707D0F}
		{88BC40E3-203E-4436-B40F-5A06FD4131C1} = {680F17E6-B470-41C6-BA08-30BA5BC08B1E}
		{485971AA-5BF6-4D97-BEF8-F57A4D6E6E0B} = {680F17E6-B470-41C6-BA08-30BA5BC08B1E}
	EndGlobalSection
	GlobalSection(ExtensibilityGlobals) = postSolution
		SolutionGuid = {58C3ED3B-9813-46A7-AA77-99F5C309EB4F}
	EndGlobalSection
EndGlobal
