
Microsoft Visual Studio Solution File, Format Version 12.00
# Visual Studio Version 17
VisualStudioVersion = 17.7.34024.191
MinimumVisualStudioVersion = 10.0.40219.1
Project("{2150E333-8FDC-42A3-9474-1A3956D46DE8}") = "Frontend", "Frontend", "{2F1EF7B6-C754-4956-8C62-6BF0F3707D0F}"
EndProject
Project("{9A19103F-16F7-4668-BE54-9A1E7A4F7556}") = "Learnify.Web", "Mango\Learnify.Web.csproj", "{7AE8359C-9832-4047-A907-8EAF08362B74}"
	ProjectSection(ProjectDependencies) = postProject
		{A98E2655-D33A-4AEC-8876-8A8042CEFECF} = {A98E2655-D33A-4AEC-8876-8A8042CEFECF}
	EndProjectSection
EndProject
Project("{2150E333-8FDC-42A3-9474-1A3956D46DE8}") = "Services", "Services", "{680F17E6-B470-41C6-BA08-30BA5BC08B1E}"
EndProject
Project("{9A19103F-16F7-4668-BE54-9A1E7A4F7556}") = "AuthAPI", "AuthAPI\AuthAPI.csproj", "{485971AA-5BF6-4D97-BEF8-F57A4D6E6E0B}"
	ProjectSection(ProjectDependencies) = postProject
		{A98E2655-D33A-4AEC-8876-8A8042CEFECF} = {A98E2655-D33A-4AEC-8876-8A8042CEFECF}
	EndProjectSection
EndProject
Project("{9A19103F-16F7-4668-BE54-9A1E7A4F7556}") = "CourseAPI", "Course\CourseAPI.csproj", "{A1F5C871-D8FC-4407-B6AD-60621C8D8923}"
	ProjectSection(ProjectDependencies) = postProject
		{A98E2655-D33A-4AEC-8876-8A8042CEFECF} = {A98E2655-D33A-4AEC-8876-8A8042CEFECF}
	EndProjectSection
EndProject
Project("{9A19103F-16F7-4668-BE54-9A1E7A4F7556}") = "BaseCourse", "BaseCourse\BaseCourse.csproj", "{A98E2655-D33A-4AEC-8876-8A8042CEFECF}"
EndProject
Global
	GlobalSection(SolutionConfigurationPlatforms) = preSolution
		Debug|Any CPU = Debug|Any CPU
		Release|Any CPU = Release|Any CPU
	EndGlobalSection
	GlobalSection(ProjectConfigurationPlatforms) = postSolution
		{7AE8359C-9832-4047-A907-8EAF08362B74}.Debug|Any CPU.ActiveCfg = Debug|Any CPU
		{7AE8359C-9832-4047-A907-8EAF08362B74}.Debug|Any CPU.Build.0 = Debug|Any CPU
		{7AE8359C-9832-4047-A907-8EAF08362B74}.Release|Any CPU.ActiveCfg = Release|Any CPU
		{7AE8359C-9832-4047-A907-8EAF08362B74}.Release|Any CPU.Build.0 = Release|Any CPU
		{485971AA-5BF6-4D97-BEF8-F57A4D6E6E0B}.Debug|Any CPU.ActiveCfg = Debug|Any CPU
		{485971AA-5BF6-4D97-BEF8-F57A4D6E6E0B}.Debug|Any CPU.Build.0 = Debug|Any CPU
		{485971AA-5BF6-4D97-BEF8-F57A4D6E6E0B}.Release|Any CPU.ActiveCfg = Release|Any CPU
		{485971AA-5BF6-4D97-BEF8-F57A4D6E6E0B}.Release|Any CPU.Build.0 = Release|Any CPU
		{A1F5C871-D8FC-4407-B6AD-60621C8D8923}.Debug|Any CPU.ActiveCfg = Debug|Any CPU
		{A1F5C871-D8FC-4407-B6AD-60621C8D8923}.Debug|Any CPU.Build.0 = Debug|Any CPU
		{A1F5C871-D8FC-4407-B6AD-60621C8D8923}.Release|Any CPU.ActiveCfg = Release|Any CPU
		{A1F5C871-D8FC-4407-B6AD-60621C8D8923}.Release|Any CPU.Build.0 = Release|Any CPU
		{A98E2655-D33A-4AEC-8876-8A8042CEFECF}.Debug|Any CPU.ActiveCfg = Debug|Any CPU
		{A98E2655-D33A-4AEC-8876-8A8042CEFECF}.Debug|Any CPU.Build.0 = Debug|Any CPU
		{A98E2655-D33A-4AEC-8876-8A8042CEFECF}.Release|Any CPU.ActiveCfg = Release|Any CPU
		{A98E2655-D33A-4AEC-8876-8A8042CEFECF}.Release|Any CPU.Build.0 = Release|Any CPU
	EndGlobalSection
	GlobalSection(SolutionProperties) = preSolution
		HideSolutionNode = FALSE
	EndGlobalSection
	GlobalSection(NestedProjects) = preSolution
		{7AE8359C-9832-4047-A907-8EAF08362B74} = {2F1EF7B6-C754-4956-8C62-6BF0F3707D0F}
		{485971AA-5BF6-4D97-BEF8-F57A4D6E6E0B} = {680F17E6-B470-41C6-BA08-30BA5BC08B1E}
		{A1F5C871-D8FC-4407-B6AD-60621C8D8923} = {680F17E6-B470-41C6-BA08-30BA5BC08B1E}
		{A98E2655-D33A-4AEC-8876-8A8042CEFECF} = {680F17E6-B470-41C6-BA08-30BA5BC08B1E}
	EndGlobalSection
	GlobalSection(ExtensibilityGlobals) = postSolution
		SolutionGuid = {58C3ED3B-9813-46A7-AA77-99F5C309EB4F}
	EndGlobalSection
EndGlobal
